
Microsoft Visual Studio Solution File, Format Version 12.00
# Visual Studio Version 16
VisualStudioVersion = 16.0.28922.388
MinimumVisualStudioVersion = 10.0.40219.1
Project("{FAE04EC0-301F-11D3-BF4B-00C04F79EFBC}") = "FoglioUtils", "FoglioUtils\FoglioUtils.csproj", "{C62B6AEE-2527-4B56-9B77-B02DCEFD1CF5}"
EndProject
Global
	GlobalSection(SolutionConfigurationPlatforms) = preSolution
		Debug|Any CPU = Debug|Any CPU
		Debug|x64 = Debug|x64
		Release|Any CPU = Release|Any CPU
		Release|x64 = Release|x64
	EndGlobalSection
	GlobalSection(ProjectConfigurationPlatforms) = postSolution
		{C62B6AEE-2527-4B56-9B77-B02DCEFD1CF5}.Debug|Any CPU.ActiveCfg = Debug|Any CPU
		{C62B6AEE-2527-4B56-9B77-B02DCEFD1CF5}.Debug|Any CPU.Build.0 = Debug|Any CPU
		{C62B6AEE-2527-4B56-9B77-B02DCEFD1CF5}.Debug|x64.ActiveCfg = Debug|x64
		{C62B6AEE-2527-4B56-9B77-B02DCEFD1CF5}.Debug|x64.Build.0 = Debug|x64
		{C62B6AEE-2527-4B56-9B77-B02DCEFD1CF5}.Release|Any CPU.ActiveCfg = Release|Any CPU
		{C62B6AEE-2527-4B56-9B77-B02DCEFD1CF5}.Release|Any CPU.Build.0 = Release|Any CPU
		{C62B6AEE-2527-4B56-9B77-B02DCEFD1CF5}.Release|x64.ActiveCfg = Release|x64
		{C62B6AEE-2527-4B56-9B77-B02DCEFD1CF5}.Release|x64.Build.0 = Release|x64
	EndGlobalSection
	GlobalSection(SolutionProperties) = preSolution
		HideSolutionNode = FALSE
	EndGlobalSection
	GlobalSection(ExtensibilityGlobals) = postSolution
		SolutionGuid = {E221A097-AE6C-4F9C-824C-905532549685}
	EndGlobalSection
EndGlobal
